// !$*UTF8*$!
{
	archiveVersion = 1;
	classes = {
	};
	objectVersion = 55;
	objects = {

/* Begin PBXBuildFile section */
		4145711E285A45C3008AFB85 /* AppDelegate.m in Sources */ = {isa = PBXBuildFile; fileRef = 4145711D285A45C3008AFB85 /* AppDelegate.m */; };
		41457121285A45C3008AFB85 /* SceneDelegate.m in Sources */ = {isa = PBXBuildFile; fileRef = 41457120285A45C3008AFB85 /* SceneDelegate.m */; };
		41457127285A45C3008AFB85 /* Main.storyboard in Resources */ = {isa = PBXBuildFile; fileRef = 41457125285A45C3008AFB85 /* Main.storyboard */; };
		41457129285A45C4008AFB85 /* Assets.xcassets in Resources */ = {isa = PBXBuildFile; fileRef = 41457128285A45C4008AFB85 /* Assets.xcassets */; };
		4145712C285A45C4008AFB85 /* LaunchScreen.storyboard in Resources */ = {isa = PBXBuildFile; fileRef = 4145712A285A45C4008AFB85 /* LaunchScreen.storyboard */; };
		4145712F285A45C4008AFB85 /* main.m in Sources */ = {isa = PBXBuildFile; fileRef = 4145712E285A45C4008AFB85 /* main.m */; };
		41457139285A45C5008AFB85 /* FlixterTests.m in Sources */ = {isa = PBXBuildFile; fileRef = 41457138285A45C5008AFB85 /* FlixterTests.m */; };
		41457143285A45C5008AFB85 /* FlixterUITests.m in Sources */ = {isa = PBXBuildFile; fileRef = 41457142285A45C5008AFB85 /* FlixterUITests.m */; };
		41457145285A45C5008AFB85 /* FlixterUITestsLaunchTests.m in Sources */ = {isa = PBXBuildFile; fileRef = 41457144285A45C5008AFB85 /* FlixterUITestsLaunchTests.m */; };
		41457153285A4BFD008AFB85 /* MovieViewController.m in Sources */ = {isa = PBXBuildFile; fileRef = 41457152285A4BFD008AFB85 /* MovieViewController.m */; };
		4145715A285A6F27008AFB85 /* TableViewCell.m in Sources */ = {isa = PBXBuildFile; fileRef = 41457159285A6F27008AFB85 /* TableViewCell.m */; };
		6D13A9B0168602B0848B9915 /* libPods-Flixter-FlixterUITests.a in Frameworks */ = {isa = PBXBuildFile; fileRef = 9305998D6A87C20520904591 /* libPods-Flixter-FlixterUITests.a */; };
		BC105D3D3BE1D36FE82378D8 /* libPods-Flixter.a in Frameworks */ = {isa = PBXBuildFile; fileRef = 856AAC8B5F6C8D2BA7270E26 /* libPods-Flixter.a */; };
		FF5BE9FD7C7AEF5618939899 /* libPods-FlixterTests.a in Frameworks */ = {isa = PBXBuildFile; fileRef = 29ABE38F0E5716C7C84BC1A7 /* libPods-FlixterTests.a */; };
/* End PBXBuildFile section */

/* Begin PBXContainerItemProxy section */
		41457135285A45C4008AFB85 /* PBXContainerItemProxy */ = {
			isa = PBXContainerItemProxy;
			containerPortal = 41457111285A45C3008AFB85 /* Project object */;
			proxyType = 1;
			remoteGlobalIDString = 41457118285A45C3008AFB85;
			remoteInfo = Flixter;
		};
		4145713F285A45C5008AFB85 /* PBXContainerItemProxy */ = {
			isa = PBXContainerItemProxy;
			containerPortal = 41457111285A45C3008AFB85 /* Project object */;
			proxyType = 1;
			remoteGlobalIDString = 41457118285A45C3008AFB85;
			remoteInfo = Flixter;
		};
/* End PBXContainerItemProxy section */

/* Begin PBXFileReference section */
		29ABE38F0E5716C7C84BC1A7 /* libPods-FlixterTests.a */ = {isa = PBXFileReference; explicitFileType = archive.ar; includeInIndex = 0; path = "libPods-FlixterTests.a"; sourceTree = BUILT_PRODUCTS_DIR; };
		3D2F1D0011046005AC040ABE /* Pods-Flixter-FlixterUITests.release.xcconfig */ = {isa = PBXFileReference; includeInIndex = 1; lastKnownFileType = text.xcconfig; name = "Pods-Flixter-FlixterUITests.release.xcconfig"; path = "Target Support Files/Pods-Flixter-FlixterUITests/Pods-Flixter-FlixterUITests.release.xcconfig"; sourceTree = "<group>"; };
		41457119285A45C3008AFB85 /* Flixter.app */ = {isa = PBXFileReference; explicitFileType = wrapper.application; includeInIndex = 0; path = Flixter.app; sourceTree = BUILT_PRODUCTS_DIR; };
		4145711C285A45C3008AFB85 /* AppDelegate.h */ = {isa = PBXFileReference; lastKnownFileType = sourcecode.c.h; path = AppDelegate.h; sourceTree = "<group>"; };
		4145711D285A45C3008AFB85 /* AppDelegate.m */ = {isa = PBXFileReference; lastKnownFileType = sourcecode.c.objc; path = AppDelegate.m; sourceTree = "<group>"; };
		4145711F285A45C3008AFB85 /* SceneDelegate.h */ = {isa = PBXFileReference; lastKnownFileType = sourcecode.c.h; path = SceneDelegate.h; sourceTree = "<group>"; };
		41457120285A45C3008AFB85 /* SceneDelegate.m */ = {isa = PBXFileReference; lastKnownFileType = sourcecode.c.objc; path = SceneDelegate.m; sourceTree = "<group>"; };
		41457126285A45C3008AFB85 /* Base */ = {isa = PBXFileReference; lastKnownFileType = file.storyboard; name = Base; path = Base.lproj/Main.storyboard; sourceTree = "<group>"; };
		41457128285A45C4008AFB85 /* Assets.xcassets */ = {isa = PBXFileReference; lastKnownFileType = folder.assetcatalog; path = Assets.xcassets; sourceTree = "<group>"; };
		4145712B285A45C4008AFB85 /* Base */ = {isa = PBXFileReference; lastKnownFileType = file.storyboard; name = Base; path = Base.lproj/LaunchScreen.storyboard; sourceTree = "<group>"; };
		4145712D285A45C4008AFB85 /* Info.plist */ = {isa = PBXFileReference; lastKnownFileType = text.plist.xml; path = Info.plist; sourceTree = "<group>"; };
		4145712E285A45C4008AFB85 /* main.m */ = {isa = PBXFileReference; lastKnownFileType = sourcecode.c.objc; path = main.m; sourceTree = "<group>"; };
		41457134285A45C4008AFB85 /* FlixterTests.xctest */ = {isa = PBXFileReference; explicitFileType = wrapper.cfbundle; includeInIndex = 0; path = FlixterTests.xctest; sourceTree = BUILT_PRODUCTS_DIR; };
		41457138285A45C5008AFB85 /* FlixterTests.m */ = {isa = PBXFileReference; lastKnownFileType = sourcecode.c.objc; path = FlixterTests.m; sourceTree = "<group>"; };
		4145713E285A45C5008AFB85 /* FlixterUITests.xctest */ = {isa = PBXFileReference; explicitFileType = wrapper.cfbundle; includeInIndex = 0; path = FlixterUITests.xctest; sourceTree = BUILT_PRODUCTS_DIR; };
		41457142285A45C5008AFB85 /* FlixterUITests.m */ = {isa = PBXFileReference; lastKnownFileType = sourcecode.c.objc; path = FlixterUITests.m; sourceTree = "<group>"; };
		41457144285A45C5008AFB85 /* FlixterUITestsLaunchTests.m */ = {isa = PBXFileReference; lastKnownFileType = sourcecode.c.objc; path = FlixterUITestsLaunchTests.m; sourceTree = "<group>"; };
		41457152285A4BFD008AFB85 /* MovieViewController.m */ = {isa = PBXFileReference; lastKnownFileType = sourcecode.c.objc; path = MovieViewController.m; sourceTree = "<group>"; };
		41457154285A5292008AFB85 /* TableViewCell.h */ = {isa = PBXFileReference; lastKnownFileType = sourcecode.c.h; path = TableViewCell.h; sourceTree = "<group>"; };
		41457158285A6F11008AFB85 /* MovieViewController.h */ = {isa = PBXFileReference; fileEncoding = 4; lastKnownFileType = sourcecode.c.h; path = MovieViewController.h; sourceTree = "<group>"; };
		41457159285A6F27008AFB85 /* TableViewCell.m */ = {isa = PBXFileReference; fileEncoding = 4; lastKnownFileType = sourcecode.c.objc; path = TableViewCell.m; sourceTree = "<group>"; };
		856AAC8B5F6C8D2BA7270E26 /* libPods-Flixter.a */ = {isa = PBXFileReference; explicitFileType = archive.ar; includeInIndex = 0; path = "libPods-Flixter.a"; sourceTree = BUILT_PRODUCTS_DIR; };
		9305998D6A87C20520904591 /* libPods-Flixter-FlixterUITests.a */ = {isa = PBXFileReference; explicitFileType = archive.ar; includeInIndex = 0; path = "libPods-Flixter-FlixterUITests.a"; sourceTree = BUILT_PRODUCTS_DIR; };
		94FEFB15DA7F0C6F8A4CA31A /* Pods-Flixter-FlixterUITests.debug.xcconfig */ = {isa = PBXFileReference; includeInIndex = 1; lastKnownFileType = text.xcconfig; name = "Pods-Flixter-FlixterUITests.debug.xcconfig"; path = "Target Support Files/Pods-Flixter-FlixterUITests/Pods-Flixter-FlixterUITests.debug.xcconfig"; sourceTree = "<group>"; };
		A09DA789669E673615ABE35A /* Pods-FlixterTests.release.xcconfig */ = {isa = PBXFileReference; includeInIndex = 1; lastKnownFileType = text.xcconfig; name = "Pods-FlixterTests.release.xcconfig"; path = "Target Support Files/Pods-FlixterTests/Pods-FlixterTests.release.xcconfig"; sourceTree = "<group>"; };
		CB22D26ED562CBFC3F2AC435 /* Pods-FlixterTests.debug.xcconfig */ = {isa = PBXFileReference; includeInIndex = 1; lastKnownFileType = text.xcconfig; name = "Pods-FlixterTests.debug.xcconfig"; path = "Target Support Files/Pods-FlixterTests/Pods-FlixterTests.debug.xcconfig"; sourceTree = "<group>"; };
		CF2A7D155B72AA19ACA7FF8D /* Pods-Flixter.debug.xcconfig */ = {isa = PBXFileReference; includeInIndex = 1; lastKnownFileType = text.xcconfig; name = "Pods-Flixter.debug.xcconfig"; path = "Target Support Files/Pods-Flixter/Pods-Flixter.debug.xcconfig"; sourceTree = "<group>"; };
		F3CF6C91D8F0F3CC03CD409A /* Pods-Flixter.release.xcconfig */ = {isa = PBXFileReference; includeInIndex = 1; lastKnownFileType = text.xcconfig; name = "Pods-Flixter.release.xcconfig"; path = "Target Support Files/Pods-Flixter/Pods-Flixter.release.xcconfig"; sourceTree = "<group>"; };
/* End PBXFileReference section */

/* Begin PBXFrameworksBuildPhase section */
		41457116285A45C3008AFB85 /* Frameworks */ = {
			isa = PBXFrameworksBuildPhase;
			buildActionMask = 2147483647;
			files = (
				BC105D3D3BE1D36FE82378D8 /* libPods-Flixter.a in Frameworks */,
			);
			runOnlyForDeploymentPostprocessing = 0;
		};
		41457131285A45C4008AFB85 /* Frameworks */ = {
			isa = PBXFrameworksBuildPhase;
			buildActionMask = 2147483647;
			files = (
				FF5BE9FD7C7AEF5618939899 /* libPods-FlixterTests.a in Frameworks */,
			);
			runOnlyForDeploymentPostprocessing = 0;
		};
		4145713B285A45C5008AFB85 /* Frameworks */ = {
			isa = PBXFrameworksBuildPhase;
			buildActionMask = 2147483647;
			files = (
				6D13A9B0168602B0848B9915 /* libPods-Flixter-FlixterUITests.a in Frameworks */,
			);
			runOnlyForDeploymentPostprocessing = 0;
		};
/* End PBXFrameworksBuildPhase section */

/* Begin PBXGroup section */
		41457110285A45C3008AFB85 = {
			isa = PBXGroup;
			children = (
				4145711B285A45C3008AFB85 /* Flixter */,
				41457137285A45C5008AFB85 /* FlixterTests */,
				41457141285A45C5008AFB85 /* FlixterUITests */,
				4145711A285A45C3008AFB85 /* Products */,
				B6CFFC8153C7D3E3F30E153B /* Pods */,
				4689B4B917A9F8E575AFE043 /* Frameworks */,
			);
			sourceTree = "<group>";
		};
		4145711A285A45C3008AFB85 /* Products */ = {
			isa = PBXGroup;
			children = (
				41457119285A45C3008AFB85 /* Flixter.app */,
				41457134285A45C4008AFB85 /* FlixterTests.xctest */,
				4145713E285A45C5008AFB85 /* FlixterUITests.xctest */,
			);
			name = Products;
			sourceTree = "<group>";
		};
		4145711B285A45C3008AFB85 /* Flixter */ = {
			isa = PBXGroup;
			children = (
				4145711C285A45C3008AFB85 /* AppDelegate.h */,
				4145711D285A45C3008AFB85 /* AppDelegate.m */,
				4145711F285A45C3008AFB85 /* SceneDelegate.h */,
				41457120285A45C3008AFB85 /* SceneDelegate.m */,
				41457125285A45C3008AFB85 /* Main.storyboard */,
				41457154285A5292008AFB85 /* TableViewCell.h */,
				41457159285A6F27008AFB85 /* TableViewCell.m */,
				41457158285A6F11008AFB85 /* MovieViewController.h */,
				41457152285A4BFD008AFB85 /* MovieViewController.m */,
				41457128285A45C4008AFB85 /* Assets.xcassets */,
				4145712A285A45C4008AFB85 /* LaunchScreen.storyboard */,
				4145712D285A45C4008AFB85 /* Info.plist */,
				4145712E285A45C4008AFB85 /* main.m */,
			);
			path = Flixter;
			sourceTree = "<group>";
		};
		41457137285A45C5008AFB85 /* FlixterTests */ = {
			isa = PBXGroup;
			children = (
				41457138285A45C5008AFB85 /* FlixterTests.m */,
			);
			path = FlixterTests;
			sourceTree = "<group>";
		};
		41457141285A45C5008AFB85 /* FlixterUITests */ = {
			isa = PBXGroup;
			children = (
				41457142285A45C5008AFB85 /* FlixterUITests.m */,
				41457144285A45C5008AFB85 /* FlixterUITestsLaunchTests.m */,
			);
			path = FlixterUITests;
			sourceTree = "<group>";
		};
		4689B4B917A9F8E575AFE043 /* Frameworks */ = {
			isa = PBXGroup;
			children = (
				856AAC8B5F6C8D2BA7270E26 /* libPods-Flixter.a */,
				9305998D6A87C20520904591 /* libPods-Flixter-FlixterUITests.a */,
				29ABE38F0E5716C7C84BC1A7 /* libPods-FlixterTests.a */,
			);
			name = Frameworks;
			sourceTree = "<group>";
		};
		B6CFFC8153C7D3E3F30E153B /* Pods */ = {
			isa = PBXGroup;
			children = (
				CF2A7D155B72AA19ACA7FF8D /* Pods-Flixter.debug.xcconfig */,
				F3CF6C91D8F0F3CC03CD409A /* Pods-Flixter.release.xcconfig */,
				94FEFB15DA7F0C6F8A4CA31A /* Pods-Flixter-FlixterUITests.debug.xcconfig */,
				3D2F1D0011046005AC040ABE /* Pods-Flixter-FlixterUITests.release.xcconfig */,
				CB22D26ED562CBFC3F2AC435 /* Pods-FlixterTests.debug.xcconfig */,
				A09DA789669E673615ABE35A /* Pods-FlixterTests.release.xcconfig */,
			);
			name = Pods;
			path = Pods;
			sourceTree = "<group>";
		};
/* End PBXGroup section */

/* Begin PBXNativeTarget section */
		41457118285A45C3008AFB85 /* Flixter */ = {
			isa = PBXNativeTarget;
			buildConfigurationList = 41457148285A45C5008AFB85 /* Build configuration list for PBXNativeTarget "Flixter" */;
			buildPhases = (
				E7608BFA8C987E52194D38DC /* [CP] Check Pods Manifest.lock */,
				41457115285A45C3008AFB85 /* Sources */,
				41457116285A45C3008AFB85 /* Frameworks */,
				41457117285A45C3008AFB85 /* Resources */,
			);
			buildRules = (
			);
			dependencies = (
			);
			name = Flixter;
			productName = Flixter;
			productReference = 41457119285A45C3008AFB85 /* Flixter.app */;
			productType = "com.apple.product-type.application";
		};
		41457133285A45C4008AFB85 /* FlixterTests */ = {
			isa = PBXNativeTarget;
			buildConfigurationList = 4145714B285A45C5008AFB85 /* Build configuration list for PBXNativeTarget "FlixterTests" */;
			buildPhases = (
				3715DFCB280BB97C167153D0 /* [CP] Check Pods Manifest.lock */,
				41457130285A45C4008AFB85 /* Sources */,
				41457131285A45C4008AFB85 /* Frameworks */,
				41457132285A45C4008AFB85 /* Resources */,
			);
			buildRules = (
			);
			dependencies = (
				41457136285A45C4008AFB85 /* PBXTargetDependency */,
			);
			name = FlixterTests;
			productName = FlixterTests;
			productReference = 41457134285A45C4008AFB85 /* FlixterTests.xctest */;
			productType = "com.apple.product-type.bundle.unit-test";
		};
		4145713D285A45C5008AFB85 /* FlixterUITests */ = {
			isa = PBXNativeTarget;
			buildConfigurationList = 4145714E285A45C5008AFB85 /* Build configuration list for PBXNativeTarget "FlixterUITests" */;
			buildPhases = (
				6C167C1D28B366A069CD2F9F /* [CP] Check Pods Manifest.lock */,
				4145713A285A45C5008AFB85 /* Sources */,
				4145713B285A45C5008AFB85 /* Frameworks */,
				4145713C285A45C5008AFB85 /* Resources */,
			);
			buildRules = (
			);
			dependencies = (
				41457140285A45C5008AFB85 /* PBXTargetDependency */,
			);
			name = FlixterUITests;
			productName = FlixterUITests;
			productReference = 4145713E285A45C5008AFB85 /* FlixterUITests.xctest */;
			productType = "com.apple.product-type.bundle.ui-testing";
		};
/* End PBXNativeTarget section */

/* Begin PBXProject section */
		41457111285A45C3008AFB85 /* Project object */ = {
			isa = PBXProject;
			attributes = {
				BuildIndependentTargetsInParallel = 1;
				LastUpgradeCheck = 1340;
				TargetAttributes = {
					41457118285A45C3008AFB85 = {
						CreatedOnToolsVersion = 13.4.1;
					};
					41457133285A45C4008AFB85 = {
						CreatedOnToolsVersion = 13.4.1;
						TestTargetID = 41457118285A45C3008AFB85;
					};
					4145713D285A45C5008AFB85 = {
						CreatedOnToolsVersion = 13.4.1;
						TestTargetID = 41457118285A45C3008AFB85;
					};
				};
			};
			buildConfigurationList = 41457114285A45C3008AFB85 /* Build configuration list for PBXProject "Flixter" */;
			compatibilityVersion = "Xcode 13.0";
			developmentRegion = en;
			hasScannedForEncodings = 0;
			knownRegions = (
				en,
				Base,
			);
			mainGroup = 41457110285A45C3008AFB85;
			productRefGroup = 4145711A285A45C3008AFB85 /* Products */;
			projectDirPath = "";
			projectRoot = "";
			targets = (
				41457118285A45C3008AFB85 /* Flixter */,
				41457133285A45C4008AFB85 /* FlixterTests */,
				4145713D285A45C5008AFB85 /* FlixterUITests */,
			);
		};
/* End PBXProject section */

/* Begin PBXResourcesBuildPhase section */
		41457117285A45C3008AFB85 /* Resources */ = {
			isa = PBXResourcesBuildPhase;
			buildActionMask = 2147483647;
			files = (
				4145712C285A45C4008AFB85 /* LaunchScreen.storyboard in Resources */,
				41457129285A45C4008AFB85 /* Assets.xcassets in Resources */,
				41457127285A45C3008AFB85 /* Main.storyboard in Resources */,
			);
			runOnlyForDeploymentPostprocessing = 0;
		};
		41457132285A45C4008AFB85 /* Resources */ = {
			isa = PBXResourcesBuildPhase;
			buildActionMask = 2147483647;
			files = (
			);
			runOnlyForDeploymentPostprocessing = 0;
		};
		4145713C285A45C5008AFB85 /* Resources */ = {
			isa = PBXResourcesBuildPhase;
			buildActionMask = 2147483647;
			files = (
			);
			runOnlyForDeploymentPostprocessing = 0;
		};
/* End PBXResourcesBuildPhase section */

/* Begin PBXShellScriptBuildPhase section */
		3715DFCB280BB97C167153D0 /* [CP] Check Pods Manifest.lock */ = {
			isa = PBXShellScriptBuildPhase;
			buildActionMask = 2147483647;
			files = (
			);
			inputFileListPaths = (
			);
			inputPaths = (
				"${PODS_PODFILE_DIR_PATH}/Podfile.lock",
				"${PODS_ROOT}/Manifest.lock",
			);
			name = "[CP] Check Pods Manifest.lock";
			outputFileListPaths = (
			);
			outputPaths = (
				"$(DERIVED_FILE_DIR)/Pods-FlixterTests-checkManifestLockResult.txt",
			);
			runOnlyForDeploymentPostprocessing = 0;
			shellPath = /bin/sh;
			shellScript = "diff \"${PODS_PODFILE_DIR_PATH}/Podfile.lock\" \"${PODS_ROOT}/Manifest.lock\" > /dev/null\nif [ $? != 0 ] ; then\n    # print error to STDERR\n    echo \"error: The sandbox is not in sync with the Podfile.lock. Run 'pod install' or update your CocoaPods installation.\" >&2\n    exit 1\nfi\n# This output is used by Xcode 'outputs' to avoid re-running this script phase.\necho \"SUCCESS\" > \"${SCRIPT_OUTPUT_FILE_0}\"\n";
			showEnvVarsInLog = 0;
		};
		6C167C1D28B366A069CD2F9F /* [CP] Check Pods Manifest.lock */ = {
			isa = PBXShellScriptBuildPhase;
			buildActionMask = 2147483647;
			files = (
			);
			inputFileListPaths = (
			);
			inputPaths = (
				"${PODS_PODFILE_DIR_PATH}/Podfile.lock",
				"${PODS_ROOT}/Manifest.lock",
			);
			name = "[CP] Check Pods Manifest.lock";
			outputFileListPaths = (
			);
			outputPaths = (
				"$(DERIVED_FILE_DIR)/Pods-Flixter-FlixterUITests-checkManifestLockResult.txt",
			);
			runOnlyForDeploymentPostprocessing = 0;
			shellPath = /bin/sh;
			shellScript = "diff \"${PODS_PODFILE_DIR_PATH}/Podfile.lock\" \"${PODS_ROOT}/Manifest.lock\" > /dev/null\nif [ $? != 0 ] ; then\n    # print error to STDERR\n    echo \"error: The sandbox is not in sync with the Podfile.lock. Run 'pod install' or update your CocoaPods installation.\" >&2\n    exit 1\nfi\n# This output is used by Xcode 'outputs' to avoid re-running this script phase.\necho \"SUCCESS\" > \"${SCRIPT_OUTPUT_FILE_0}\"\n";
			showEnvVarsInLog = 0;
		};
		E7608BFA8C987E52194D38DC /* [CP] Check Pods Manifest.lock */ = {
			isa = PBXShellScriptBuildPhase;
			buildActionMask = 2147483647;
			files = (
			);
			inputFileListPaths = (
			);
			inputPaths = (
				"${PODS_PODFILE_DIR_PATH}/Podfile.lock",
				"${PODS_ROOT}/Manifest.lock",
			);
			name = "[CP] Check Pods Manifest.lock";
			outputFileListPaths = (
			);
			outputPaths = (
				"$(DERIVED_FILE_DIR)/Pods-Flixter-checkManifestLockResult.txt",
			);
			runOnlyForDeploymentPostprocessing = 0;
			shellPath = /bin/sh;
			shellScript = "diff \"${PODS_PODFILE_DIR_PATH}/Podfile.lock\" \"${PODS_ROOT}/Manifest.lock\" > /dev/null\nif [ $? != 0 ] ; then\n    # print error to STDERR\n    echo \"error: The sandbox is not in sync with the Podfile.lock. Run 'pod install' or update your CocoaPods installation.\" >&2\n    exit 1\nfi\n# This output is used by Xcode 'outputs' to avoid re-running this script phase.\necho \"SUCCESS\" > \"${SCRIPT_OUTPUT_FILE_0}\"\n";
			showEnvVarsInLog = 0;
		};
/* End PBXShellScriptBuildPhase section */

/* Begin PBXSourcesBuildPhase section */
		41457115285A45C3008AFB85 /* Sources */ = {
			isa = PBXSourcesBuildPhase;
			buildActionMask = 2147483647;
			files = (
				41457153285A4BFD008AFB85 /* MovieViewController.m in Sources */,
				4145711E285A45C3008AFB85 /* AppDelegate.m in Sources */,
				4145712F285A45C4008AFB85 /* main.m in Sources */,
				4145715A285A6F27008AFB85 /* TableViewCell.m in Sources */,
				41457121285A45C3008AFB85 /* SceneDelegate.m in Sources */,
			);
			runOnlyForDeploymentPostprocessing = 0;
		};
		41457130285A45C4008AFB85 /* Sources */ = {
			isa = PBXSourcesBuildPhase;
			buildActionMask = 2147483647;
			files = (
				41457139285A45C5008AFB85 /* FlixterTests.m in Sources */,
			);
			runOnlyForDeploymentPostprocessing = 0;
		};
		4145713A285A45C5008AFB85 /* Sources */ = {
			isa = PBXSourcesBuildPhase;
			buildActionMask = 2147483647;
			files = (
				41457143285A45C5008AFB85 /* FlixterUITests.m in Sources */,
				41457145285A45C5008AFB85 /* FlixterUITestsLaunchTests.m in Sources */,
			);
			runOnlyForDeploymentPostprocessing = 0;
		};
/* End PBXSourcesBuildPhase section */

/* Begin PBXTargetDependency section */
		41457136285A45C4008AFB85 /* PBXTargetDependency */ = {
			isa = PBXTargetDependency;
			target = 41457118285A45C3008AFB85 /* Flixter */;
			targetProxy = 41457135285A45C4008AFB85 /* PBXContainerItemProxy */;
		};
		41457140285A45C5008AFB85 /* PBXTargetDependency */ = {
			isa = PBXTargetDependency;
			target = 41457118285A45C3008AFB85 /* Flixter */;
			targetProxy = 4145713F285A45C5008AFB85 /* PBXContainerItemProxy */;
		};
/* End PBXTargetDependency section */

/* Begin PBXVariantGroup section */
		41457125285A45C3008AFB85 /* Main.storyboard */ = {
			isa = PBXVariantGroup;
			children = (
				41457126285A45C3008AFB85 /* Base */,
			);
			name = Main.storyboard;
			sourceTree = "<group>";
		};
		4145712A285A45C4008AFB85 /* LaunchScreen.storyboard */ = {
			isa = PBXVariantGroup;
			children = (
				4145712B285A45C4008AFB85 /* Base */,
			);
			name = LaunchScreen.storyboard;
			sourceTree = "<group>";
		};
/* End PBXVariantGroup section */

/* Begin XCBuildConfiguration section */
		41457146285A45C5008AFB85 /* Debug */ = {
			isa = XCBuildConfiguration;
			buildSettings = {
				ALWAYS_SEARCH_USER_PATHS = NO;
				CLANG_ANALYZER_NONNULL = YES;
				CLANG_ANALYZER_NUMBER_OBJECT_CONVERSION = YES_AGGRESSIVE;
				CLANG_CXX_LANGUAGE_STANDARD = "gnu++17";
				CLANG_ENABLE_MODULES = YES;
				CLANG_ENABLE_OBJC_ARC = YES;
				CLANG_ENABLE_OBJC_WEAK = YES;
				CLANG_WARN_BLOCK_CAPTURE_AUTORELEASING = YES;
				CLANG_WARN_BOOL_CONVERSION = YES;
				CLANG_WARN_COMMA = YES;
				CLANG_WARN_CONSTANT_CONVERSION = YES;
				CLANG_WARN_DEPRECATED_OBJC_IMPLEMENTATIONS = YES;
				CLANG_WARN_DIRECT_OBJC_ISA_USAGE = YES_ERROR;
				CLANG_WARN_DOCUMENTATION_COMMENTS = YES;
				CLANG_WARN_EMPTY_BODY = YES;
				CLANG_WARN_ENUM_CONVERSION = YES;
				CLANG_WARN_INFINITE_RECURSION = YES;
				CLANG_WARN_INT_CONVERSION = YES;
				CLANG_WARN_NON_LITERAL_NULL_CONVERSION = YES;
				CLANG_WARN_OBJC_IMPLICIT_RETAIN_SELF = YES;
				CLANG_WARN_OBJC_LITERAL_CONVERSION = YES;
				CLANG_WARN_OBJC_ROOT_CLASS = YES_ERROR;
				CLANG_WARN_QUOTED_INCLUDE_IN_FRAMEWORK_HEADER = YES;
				CLANG_WARN_RANGE_LOOP_ANALYSIS = YES;
				CLANG_WARN_STRICT_PROTOTYPES = YES;
				CLANG_WARN_SUSPICIOUS_MOVE = YES;
				CLANG_WARN_UNGUARDED_AVAILABILITY = YES_AGGRESSIVE;
				CLANG_WARN_UNREACHABLE_CODE = YES;
				CLANG_WARN__DUPLICATE_METHOD_MATCH = YES;
				COPY_PHASE_STRIP = NO;
				DEBUG_INFORMATION_FORMAT = dwarf;
				ENABLE_STRICT_OBJC_MSGSEND = YES;
				ENABLE_TESTABILITY = YES;
				GCC_C_LANGUAGE_STANDARD = gnu11;
				GCC_DYNAMIC_NO_PIC = NO;
				GCC_NO_COMMON_BLOCKS = YES;
				GCC_OPTIMIZATION_LEVEL = 0;
				GCC_PREPROCESSOR_DEFINITIONS = (
					"DEBUG=1",
					"$(inherited)",
				);
				GCC_WARN_64_TO_32_BIT_CONVERSION = YES;
				GCC_WARN_ABOUT_RETURN_TYPE = YES_ERROR;
				GCC_WARN_UNDECLARED_SELECTOR = YES;
				GCC_WARN_UNINITIALIZED_AUTOS = YES_AGGRESSIVE;
				GCC_WARN_UNUSED_FUNCTION = YES;
				GCC_WARN_UNUSED_VARIABLE = YES;
				IPHONEOS_DEPLOYMENT_TARGET = 15.5;
				MTL_ENABLE_DEBUG_INFO = INCLUDE_SOURCE;
				MTL_FAST_MATH = YES;
				ONLY_ACTIVE_ARCH = YES;
				SDKROOT = iphoneos;
			};
			name = Debug;
		};
		41457147285A45C5008AFB85 /* Release */ = {
			isa = XCBuildConfiguration;
			buildSettings = {
				ALWAYS_SEARCH_USER_PATHS = NO;
				CLANG_ANALYZER_NONNULL = YES;
				CLANG_ANALYZER_NUMBER_OBJECT_CONVERSION = YES_AGGRESSIVE;
				CLANG_CXX_LANGUAGE_STANDARD = "gnu++17";
				CLANG_ENABLE_MODULES = YES;
				CLANG_ENABLE_OBJC_ARC = YES;
				CLANG_ENABLE_OBJC_WEAK = YES;
				CLANG_WARN_BLOCK_CAPTURE_AUTORELEASING = YES;
				CLANG_WARN_BOOL_CONVERSION = YES;
				CLANG_WARN_COMMA = YES;
				CLANG_WARN_CONSTANT_CONVERSION = YES;
				CLANG_WARN_DEPRECATED_OBJC_IMPLEMENTATIONS = YES;
				CLANG_WARN_DIRECT_OBJC_ISA_USAGE = YES_ERROR;
				CLANG_WARN_DOCUMENTATION_COMMENTS = YES;
				CLANG_WARN_EMPTY_BODY = YES;
				CLANG_WARN_ENUM_CONVERSION = YES;
				CLANG_WARN_INFINITE_RECURSION = YES;
				CLANG_WARN_INT_CONVERSION = YES;
				CLANG_WARN_NON_LITERAL_NULL_CONVERSION = YES;
				CLANG_WARN_OBJC_IMPLICIT_RETAIN_SELF = YES;
				CLANG_WARN_OBJC_LITERAL_CONVERSION = YES;
				CLANG_WARN_OBJC_ROOT_CLASS = YES_ERROR;
				CLANG_WARN_QUOTED_INCLUDE_IN_FRAMEWORK_HEADER = YES;
				CLANG_WARN_RANGE_LOOP_ANALYSIS = YES;
				CLANG_WARN_STRICT_PROTOTYPES = YES;
				CLANG_WARN_SUSPICIOUS_MOVE = YES;
				CLANG_WARN_UNGUARDED_AVAILABILITY = YES_AGGRESSIVE;
				CLANG_WARN_UNREACHABLE_CODE = YES;
				CLANG_WARN__DUPLICATE_METHOD_MATCH = YES;
				COPY_PHASE_STRIP = NO;
				DEBUG_INFORMATION_FORMAT = "dwarf-with-dsym";
				ENABLE_NS_ASSERTIONS = NO;
				ENABLE_STRICT_OBJC_MSGSEND = YES;
				GCC_C_LANGUAGE_STANDARD = gnu11;
				GCC_NO_COMMON_BLOCKS = YES;
				GCC_WARN_64_TO_32_BIT_CONVERSION = YES;
				GCC_WARN_ABOUT_RETURN_TYPE = YES_ERROR;
				GCC_WARN_UNDECLARED_SELECTOR = YES;
				GCC_WARN_UNINITIALIZED_AUTOS = YES_AGGRESSIVE;
				GCC_WARN_UNUSED_FUNCTION = YES;
				GCC_WARN_UNUSED_VARIABLE = YES;
				IPHONEOS_DEPLOYMENT_TARGET = 15.5;
				MTL_ENABLE_DEBUG_INFO = NO;
				MTL_FAST_MATH = YES;
				SDKROOT = iphoneos;
				VALIDATE_PRODUCT = YES;
			};
			name = Release;
		};
		41457149285A45C5008AFB85 /* Debug */ = {
			isa = XCBuildConfiguration;
			baseConfigurationReference = CF2A7D155B72AA19ACA7FF8D /* Pods-Flixter.debug.xcconfig */;
			buildSettings = {
				ASSETCATALOG_COMPILER_APPICON_NAME = AppIcon;
				ASSETCATALOG_COMPILER_GLOBAL_ACCENT_COLOR_NAME = AccentColor;
				CODE_SIGN_STYLE = Automatic;
				CURRENT_PROJECT_VERSION = 1;
				GENERATE_INFOPLIST_FILE = YES;
				INFOPLIST_FILE = Flixter/Info.plist;
				INFOPLIST_KEY_UIApplicationSupportsIndirectInputEvents = YES;
				INFOPLIST_KEY_UILaunchStoryboardName = LaunchScreen;
				INFOPLIST_KEY_UIMainStoryboardFile = Main;
				INFOPLIST_KEY_UISupportedInterfaceOrientations_iPad = "UIInterfaceOrientationPortrait UIInterfaceOrientationPortraitUpsideDown UIInterfaceOrientationLandscapeLeft UIInterfaceOrientationLandscapeRight";
				INFOPLIST_KEY_UISupportedInterfaceOrientations_iPhone = "UIInterfaceOrientationPortrait UIInterfaceOrientationLandscapeLeft UIInterfaceOrientationLandscapeRight";
				LD_RUNPATH_SEARCH_PATHS = (
					"$(inherited)",
					"@executable_path/Frameworks",
				);
				MARKETING_VERSION = 1.0;
				PRODUCT_BUNDLE_IDENTIFIER = com.codepath.Flixter;
				PRODUCT_NAME = "$(TARGET_NAME)";
				SWIFT_EMIT_LOC_STRINGS = YES;
				TARGETED_DEVICE_FAMILY = "1,2";
			};
			name = Debug;
		};
		4145714A285A45C5008AFB85 /* Release */ = {
			isa = XCBuildConfiguration;
			baseConfigurationReference = F3CF6C91D8F0F3CC03CD409A /* Pods-Flixter.release.xcconfig */;
			buildSettings = {
				ASSETCATALOG_COMPILER_APPICON_NAME = AppIcon;
				ASSETCATALOG_COMPILER_GLOBAL_ACCENT_COLOR_NAME = AccentColor;
				CODE_SIGN_STYLE = Automatic;
				CURRENT_PROJECT_VERSION = 1;
				GENERATE_INFOPLIST_FILE = YES;
				INFOPLIST_FILE = Flixter/Info.plist;
				INFOPLIST_KEY_UIApplicationSupportsIndirectInputEvents = YES;
				INFOPLIST_KEY_UILaunchStoryboardName = LaunchScreen;
				INFOPLIST_KEY_UIMainStoryboardFile = Main;
				INFOPLIST_KEY_UISupportedInterfaceOrientations_iPad = "UIInterfaceOrientationPortrait UIInterfaceOrientationPortraitUpsideDown UIInterfaceOrientationLandscapeLeft UIInterfaceOrientationLandscapeRight";
				INFOPLIST_KEY_UISupportedInterfaceOrientations_iPhone = "UIInterfaceOrientationPortrait UIInterfaceOrientationLandscapeLeft UIInterfaceOrientationLandscapeRight";
				LD_RUNPATH_SEARCH_PATHS = (
					"$(inherited)",
					"@executable_path/Frameworks",
				);
				MARKETING_VERSION = 1.0;
				PRODUCT_BUNDLE_IDENTIFIER = com.codepath.Flixter;
				PRODUCT_NAME = "$(TARGET_NAME)";
				SWIFT_EMIT_LOC_STRINGS = YES;
				TARGETED_DEVICE_FAMILY = "1,2";
			};
			name = Release;
		};
		4145714C285A45C5008AFB85 /* Debug */ = {
			isa = XCBuildConfiguration;
			baseConfigurationReference = CB22D26ED562CBFC3F2AC435 /* Pods-FlixterTests.debug.xcconfig */;
			buildSettings = {
				BUNDLE_LOADER = "$(TEST_HOST)";
				CODE_SIGN_STYLE = Automatic;
				CURRENT_PROJECT_VERSION = 1;
				GENERATE_INFOPLIST_FILE = YES;
				IPHONEOS_DEPLOYMENT_TARGET = 15.5;
				MARKETING_VERSION = 1.0;
				PRODUCT_BUNDLE_IDENTIFIER = com.codepath.FlixterTests;
				PRODUCT_NAME = "$(TARGET_NAME)";
				SWIFT_EMIT_LOC_STRINGS = NO;
				TARGETED_DEVICE_FAMILY = "1,2";
				TEST_HOST = "$(BUILT_PRODUCTS_DIR)/Flixter.app/Flixter";
			};
			name = Debug;
		};
		4145714D285A45C5008AFB85 /* Release */ = {
			isa = XCBuildConfiguration;
			baseConfigurationReference = A09DA789669E673615ABE35A /* Pods-FlixterTests.release.xcconfig */;
			buildSettings = {
				BUNDLE_LOADER = "$(TEST_HOST)";
				CODE_SIGN_STYLE = Automatic;
				CURRENT_PROJECT_VERSION = 1;
				GENERATE_INFOPLIST_FILE = YES;
				IPHONEOS_DEPLOYMENT_TARGET = 15.5;
				MARKETING_VERSION = 1.0;
				PRODUCT_BUNDLE_IDENTIFIER = com.codepath.FlixterTests;
				PRODUCT_NAME = "$(TARGET_NAME)";
				SWIFT_EMIT_LOC_STRINGS = NO;
				TARGETED_DEVICE_FAMILY = "1,2";
				TEST_HOST = "$(BUILT_PRODUCTS_DIR)/Flixter.app/Flixter";
			};
			name = Release;
		};
		4145714F285A45C5008AFB85 /* Debug */ = {
			isa = XCBuildConfiguration;
			baseConfigurationReference = 94FEFB15DA7F0C6F8A4CA31A /* Pods-Flixter-FlixterUITests.debug.xcconfig */;
			buildSettings = {
				CODE_SIGN_STYLE = Automatic;
				CURRENT_PROJECT_VERSION = 1;
				GENERATE_INFOPLIST_FILE = YES;
				MARKETING_VERSION = 1.0;
				PRODUCT_BUNDLE_IDENTIFIER = com.codepath.FlixterUITests;
				PRODUCT_NAME = "$(TARGET_NAME)";
				SWIFT_EMIT_LOC_STRINGS = NO;
				TARGETED_DEVICE_FAMILY = "1,2";
				TEST_TARGET_NAME = Flixter;
			};
			name = Debug;
		};
		41457150285A45C5008AFB85 /* Release */ = {
			isa = XCBuildConfiguration;
			baseConfigurationReference = 3D2F1D0011046005AC040ABE /* Pods-Flixter-FlixterUITests.release.xcconfig */;
			buildSettings = {
				CODE_SIGN_STYLE = Automatic;
				CURRENT_PROJECT_VERSION = 1;
				GENERATE_INFOPLIST_FILE = YES;
				MARKETING_VERSION = 1.0;
				PRODUCT_BUNDLE_IDENTIFIER = com.codepath.FlixterUITests;
				PRODUCT_NAME = "$(TARGET_NAME)";
				SWIFT_EMIT_LOC_STRINGS = NO;
				TARGETED_DEVICE_FAMILY = "1,2";
				TEST_TARGET_NAME = Flixter;
			};
			name = Release;
		};
/* End XCBuildConfiguration section */

/* Begin XCConfigurationList section */
		41457114285A45C3008AFB85 /* Build configuration list for PBXProject "Flixter" */ = {
			isa = XCConfigurationList;
			buildConfigurations = (
				41457146285A45C5008AFB85 /* Debug */,
				41457147285A45C5008AFB85 /* Release */,
			);
			defaultConfigurationIsVisible = 0;
			defaultConfigurationName = Release;
		};
		41457148285A45C5008AFB85 /* Build configuration list for PBXNativeTarget "Flixter" */ = {
			isa = XCConfigurationList;
			buildConfigurations = (
				41457149285A45C5008AFB85 /* Debug */,
				4145714A285A45C5008AFB85 /* Release */,
			);
			defaultConfigurationIsVisible = 0;
			defaultConfigurationName = Release;
		};
		4145714B285A45C5008AFB85 /* Build configuration list for PBXNativeTarget "FlixterTests" */ = {
			isa = XCConfigurationList;
			buildConfigurations = (
				4145714C285A45C5008AFB85 /* Debug */,
				4145714D285A45C5008AFB85 /* Release */,
			);
			defaultConfigurationIsVisible = 0;
			defaultConfigurationName = Release;
		};
		4145714E285A45C5008AFB85 /* Build configuration list for PBXNativeTarget "FlixterUITests" */ = {
			isa = XCConfigurationList;
			buildConfigurations = (
				4145714F285A45C5008AFB85 /* Debug */,
				41457150285A45C5008AFB85 /* Release */,
			);
			defaultConfigurationIsVisible = 0;
			defaultConfigurationName = Release;
		};
/* End XCConfigurationList section */
	};
	rootObject = 41457111285A45C3008AFB85 /* Project object */;
}
